
Microsoft Visual Studio Solution File, Format Version 12.00
# Visual Studio Version 17
VisualStudioVersion = 17.9.34622.214
MinimumVisualStudioVersion = 10.0.40219.1
Project("{8BC9CEB8-8B4A-11D0-8D11-00A0C91BC942}") = "ParadigmaOOP1", "ParadigmaOOP1\ParadigmaOOP1.vcxproj", "{0625C2BC-229F-441F-AA38-DA755411F903}"
EndProject
Project("{8BC9CEB8-8B4A-11D0-8D11-00A0C91BC942}") = "Composisi", "Composisi\Composisi.vcxproj", "{D1386D2D-6BE0-420B-A813-79F2542BEE11}"
EndProject
Project("{8BC9CEB8-8B4A-11D0-8D11-00A0C91BC942}") = "Aggregation", "Aggregation\Aggregation.vcxproj", "{619DD85D-4FB1-44F2-A8D8-3BBD4326D06D}"
EndProject
Project("{8BC9CEB8-8B4A-11D0-8D11-00A0C91BC942}") = "Asosiasi", "Asosiasi\Asosiasi.vcxproj", "{06698E1C-2890-42AC-814A-666AFB4F0DA6}"
EndProject
Project("{8BC9CEB8-8B4A-11D0-8D11-00A0C91BC942}") = "Inheritance", "Inheritance\Inheritance.vcxproj", "{9DA083B4-C5B0-4FD9-A6D0-0E76845C566B}"
EndProject
Global
	GlobalSection(SolutionConfigurationPlatforms) = preSolution
		Debug|x64 = Debug|x64
		Debug|x86 = Debug|x86
		Release|x64 = Release|x64
		Release|x86 = Release|x86
	EndGlobalSection
	GlobalSection(ProjectConfigurationPlatforms) = postSolution
		{0625C2BC-229F-441F-AA38-DA755411F903}.Debug|x64.ActiveCfg = Debug|x64
		{0625C2BC-229F-441F-AA38-DA755411F903}.Debug|x64.Build.0 = Debug|x64
		{0625C2BC-229F-441F-AA38-DA755411F903}.Debug|x86.ActiveCfg = Debug|Win32
		{0625C2BC-229F-441F-AA38-DA755411F903}.Debug|x86.Build.0 = Debug|Win32
		{0625C2BC-229F-441F-AA38-DA755411F903}.Release|x64.ActiveCfg = Release|x64
		{0625C2BC-229F-441F-AA38-DA755411F903}.Release|x64.Build.0 = Release|x64
		{0625C2BC-229F-441F-AA38-DA755411F903}.Release|x86.ActiveCfg = Release|Win32
		{0625C2BC-229F-441F-AA38-DA755411F903}.Release|x86.Build.0 = Release|Win32
		{D1386D2D-6BE0-420B-A813-79F2542BEE11}.Debug|x64.ActiveCfg = Debug|x64
		{D1386D2D-6BE0-420B-A813-79F2542BEE11}.Debug|x64.Build.0 = Debug|x64
		{D1386D2D-6BE0-420B-A813-79F2542BEE11}.Debug|x86.ActiveCfg = Debug|Win32
		{D1386D2D-6BE0-420B-A813-79F2542BEE11}.Debug|x86.Build.0 = Debug|Win32
		{D1386D2D-6BE0-420B-A813-79F2542BEE11}.Release|x64.ActiveCfg = Release|x64
		{D1386D2D-6BE0-420B-A813-79F2542BEE11}.Release|x64.Build.0 = Release|x64
		{D1386D2D-6BE0-420B-A813-79F2542BEE11}.Release|x86.ActiveCfg = Release|Win32
		{D1386D2D-6BE0-420B-A813-79F2542BEE11}.Release|x86.Build.0 = Release|Win32
		{619DD85D-4FB1-44F2-A8D8-3BBD4326D06D}.Debug|x64.ActiveCfg = Debug|x64
		{619DD85D-4FB1-44F2-A8D8-3BBD4326D06D}.Debug|x64.Build.0 = Debug|x64
		{619DD85D-4FB1-44F2-A8D8-3BBD4326D06D}.Debug|x86.ActiveCfg = Debug|Win32
		{619DD85D-4FB1-44F2-A8D8-3BBD4326D06D}.Debug|x86.Build.0 = Debug|Win32
		{619DD85D-4FB1-44F2-A8D8-3BBD4326D06D}.Release|x64.ActiveCfg = Release|x64
		{619DD85D-4FB1-44F2-A8D8-3BBD4326D06D}.Release|x64.Build.0 = Release|x64
		{619DD85D-4FB1-44F2-A8D8-3BBD4326D06D}.Release|x86.ActiveCfg = Release|Win32
		{619DD85D-4FB1-44F2-A8D8-3BBD4326D06D}.Release|x86.Build.0 = Release|Win32
		{06698E1C-2890-42AC-814A-666AFB4F0DA6}.Debug|x64.ActiveCfg = Debug|x64
		{06698E1C-2890-42AC-814A-666AFB4F0DA6}.Debug|x64.Build.0 = Debug|x64
		{06698E1C-2890-42AC-814A-666AFB4F0DA6}.Debug|x86.ActiveCfg = Debug|Win32
		{06698E1C-2890-42AC-814A-666AFB4F0DA6}.Debug|x86.Build.0 = Debug|Win32
		{06698E1C-2890-42AC-814A-666AFB4F0DA6}.Release|x64.ActiveCfg = Release|x64
		{06698E1C-2890-42AC-814A-666AFB4F0DA6}.Release|x64.Build.0 = Release|x64
		{06698E1C-2890-42AC-814A-666AFB4F0DA6}.Release|x86.ActiveCfg = Release|Win32
		{06698E1C-2890-42AC-814A-666AFB4F0DA6}.Release|x86.Build.0 = Release|Win32
		{9DA083B4-C5B0-4FD9-A6D0-0E76845C566B}.Debug|x64.ActiveCfg = Debug|x64
		{9DA083B4-C5B0-4FD9-A6D0-0E76845C566B}.Debug|x64.Build.0 = Debug|x64
		{9DA083B4-C5B0-4FD9-A6D0-0E76845C566B}.Debug|x86.ActiveCfg = Debug|Win32
		{9DA083B4-C5B0-4FD9-A6D0-0E76845C566B}.Debug|x86.Build.0 = Debug|Win32
		{9DA083B4-C5B0-4FD9-A6D0-0E76845C566B}.Release|x64.ActiveCfg = Release|x64
		{9DA083B4-C5B0-4FD9-A6D0-0E76845C566B}.Release|x64.Build.0 = Release|x64
		{9DA083B4-C5B0-4FD9-A6D0-0E76845C566B}.Release|x86.ActiveCfg = Release|Win32
		{9DA083B4-C5B0-4FD9-A6D0-0E76845C566B}.Release|x86.Build.0 = Release|Win32
	EndGlobalSection
	GlobalSection(SolutionProperties) = preSolution
		HideSolutionNode = FALSE
	EndGlobalSection
	GlobalSection(ExtensibilityGlobals) = postSolution
		SolutionGuid = {FD0216D1-609B-4ED2-B86F-9307917D771B}
	EndGlobalSection
EndGlobal
